
Microsoft Visual Studio Solution File, Format Version 12.00
# Visual Studio 14
VisualStudioVersion = 14.0.25420.1
MinimumVisualStudioVersion = 10.0.40219.1
Project("{FAE04EC0-301F-11D3-BF4B-00C04F79EFBC}") = "DataBase", "..\..\..\..\Downloads\Login Pyxis\DataBase\DataBase.csproj", "{C53DBCF1-9ED7-4D5B-8027-E9F8830EA745}"
EndProject
Project("{FAE04EC0-301F-11D3-BF4B-00C04F79EFBC}") = "Presentacion", "..\..\..\..\Downloads\Login Pyxis\Presentacion\Presentacion.csproj", "{E58D12DF-70BA-42CF-86DB-6CFB81C6EF04}"
EndProject
Project("{FAE04EC0-301F-11D3-BF4B-00C04F79EFBC}") = "Negocio", "..\..\..\..\Downloads\Login Pyxis\Negocio\Negocio.csproj", "{98BF71EE-38C2-4122-8CB0-7678D3392580}"
EndProject
Global
	GlobalSection(SolutionConfigurationPlatforms) = preSolution
		Debug|Any CPU = Debug|Any CPU
		Release|Any CPU = Release|Any CPU
	EndGlobalSection
	GlobalSection(ProjectConfigurationPlatforms) = postSolution
		{C53DBCF1-9ED7-4D5B-8027-E9F8830EA745}.Debug|Any CPU.ActiveCfg = Debug|Any CPU
		{C53DBCF1-9ED7-4D5B-8027-E9F8830EA745}.Debug|Any CPU.Build.0 = Debug|Any CPU
		{C53DBCF1-9ED7-4D5B-8027-E9F8830EA745}.Release|Any CPU.ActiveCfg = Release|Any CPU
		{C53DBCF1-9ED7-4D5B-8027-E9F8830EA745}.Release|Any CPU.Build.0 = Release|Any CPU
		{E58D12DF-70BA-42CF-86DB-6CFB81C6EF04}.Debug|Any CPU.ActiveCfg = Debug|Any CPU
		{E58D12DF-70BA-42CF-86DB-6CFB81C6EF04}.Debug|Any CPU.Build.0 = Debug|Any CPU
		{E58D12DF-70BA-42CF-86DB-6CFB81C6EF04}.Release|Any CPU.ActiveCfg = Release|Any CPU
		{E58D12DF-70BA-42CF-86DB-6CFB81C6EF04}.Release|Any CPU.Build.0 = Release|Any CPU
		{98BF71EE-38C2-4122-8CB0-7678D3392580}.Debug|Any CPU.ActiveCfg = Debug|Any CPU
		{98BF71EE-38C2-4122-8CB0-7678D3392580}.Debug|Any CPU.Build.0 = Debug|Any CPU
		{98BF71EE-38C2-4122-8CB0-7678D3392580}.Release|Any CPU.ActiveCfg = Release|Any CPU
		{98BF71EE-38C2-4122-8CB0-7678D3392580}.Release|Any CPU.Build.0 = Release|Any CPU
	EndGlobalSection
	GlobalSection(SolutionProperties) = preSolution
		HideSolutionNode = FALSE
	EndGlobalSection
EndGlobal
